// !$*UTF8*$!
{
	archiveVersion = 1;
	classes = {
	};
	objectVersion = 55;
	objects = {

/* Begin PBXBuildFile section */
		F527D42228AB878200E3E792 /* AppDelegate.swift in Sources */ = {isa = PBXBuildFile; fileRef = F527D42128AB878200E3E792 /* AppDelegate.swift */; };
		F527D42428AB878200E3E792 /* SceneDelegate.swift in Sources */ = {isa = PBXBuildFile; fileRef = F527D42328AB878200E3E792 /* SceneDelegate.swift */; };
		F527D42628AB878200E3E792 /* MainViewController.swift in Sources */ = {isa = PBXBuildFile; fileRef = F527D42528AB878200E3E792 /* MainViewController.swift */; };
		F527D42928AB878200E3E792 /* Main.storyboard in Resources */ = {isa = PBXBuildFile; fileRef = F527D42728AB878200E3E792 /* Main.storyboard */; };
		F527D42B28AB878600E3E792 /* Assets.xcassets in Resources */ = {isa = PBXBuildFile; fileRef = F527D42A28AB878600E3E792 /* Assets.xcassets */; };
		F527D42E28AB878600E3E792 /* LaunchScreen.storyboard in Resources */ = {isa = PBXBuildFile; fileRef = F527D42C28AB878600E3E792 /* LaunchScreen.storyboard */; };
		F5797F0728AF808000FE85D3 /* CategoryCollectionViewCell.swift in Sources */ = {isa = PBXBuildFile; fileRef = F5797F0528AF808000FE85D3 /* CategoryCollectionViewCell.swift */; };
		F5A927DE28ABA9C500E8DA4E /* MainTabBarViewController.swift in Sources */ = {isa = PBXBuildFile; fileRef = F5A927DD28ABA9C500E8DA4E /* MainTabBarViewController.swift */; };
		F5A927E028ABAD3700E8DA4E /* CustomTabBar.swift in Sources */ = {isa = PBXBuildFile; fileRef = F5A927DF28ABAD3700E8DA4E /* CustomTabBar.swift */; };
		F5C2ADFE28B0C0290031B6D4 /* categoryModel.swift in Sources */ = {isa = PBXBuildFile; fileRef = F5C2ADFD28B0C0290031B6D4 /* categoryModel.swift */; };
		F5C2AE0328B0DCC20031B6D4 /* HeaderCollectionReusableView.swift in Sources */ = {isa = PBXBuildFile; fileRef = F5C2AE0128B0DCC20031B6D4 /* HeaderCollectionReusableView.swift */; };
		F5C2AE0428B0DCC20031B6D4 /* HeaderCollectionReusableView.xib in Resources */ = {isa = PBXBuildFile; fileRef = F5C2AE0228B0DCC20031B6D4 /* HeaderCollectionReusableView.xib */; };
/* End PBXBuildFile section */

/* Begin PBXFileReference section */
		F527D41E28AB878200E3E792 /* Module 4.app */ = {isa = PBXFileReference; explicitFileType = wrapper.application; includeInIndex = 0; path = "Module 4.app"; sourceTree = BUILT_PRODUCTS_DIR; };
		F527D42128AB878200E3E792 /* AppDelegate.swift */ = {isa = PBXFileReference; lastKnownFileType = sourcecode.swift; path = AppDelegate.swift; sourceTree = "<group>"; };
		F527D42328AB878200E3E792 /* SceneDelegate.swift */ = {isa = PBXFileReference; lastKnownFileType = sourcecode.swift; path = SceneDelegate.swift; sourceTree = "<group>"; };
		F527D42528AB878200E3E792 /* MainViewController.swift */ = {isa = PBXFileReference; lastKnownFileType = sourcecode.swift; path = MainViewController.swift; sourceTree = "<group>"; };
		F527D42828AB878200E3E792 /* Base */ = {isa = PBXFileReference; lastKnownFileType = file.storyboard; name = Base; path = Base.lproj/Main.storyboard; sourceTree = "<group>"; };
		F527D42A28AB878600E3E792 /* Assets.xcassets */ = {isa = PBXFileReference; lastKnownFileType = folder.assetcatalog; path = Assets.xcassets; sourceTree = "<group>"; };
		F527D42D28AB878600E3E792 /* Base */ = {isa = PBXFileReference; lastKnownFileType = file.storyboard; name = Base; path = Base.lproj/LaunchScreen.storyboard; sourceTree = "<group>"; };
		F527D42F28AB878600E3E792 /* Info.plist */ = {isa = PBXFileReference; lastKnownFileType = text.plist.xml; path = Info.plist; sourceTree = "<group>"; };
		F5797F0528AF808000FE85D3 /* CategoryCollectionViewCell.swift */ = {isa = PBXFileReference; lastKnownFileType = sourcecode.swift; path = CategoryCollectionViewCell.swift; sourceTree = "<group>"; };
		F5A927DD28ABA9C500E8DA4E /* MainTabBarViewController.swift */ = {isa = PBXFileReference; lastKnownFileType = sourcecode.swift; path = MainTabBarViewController.swift; sourceTree = "<group>"; };
		F5A927DF28ABAD3700E8DA4E /* CustomTabBar.swift */ = {isa = PBXFileReference; lastKnownFileType = sourcecode.swift; path = CustomTabBar.swift; sourceTree = "<group>"; };
		F5C2ADFD28B0C0290031B6D4 /* categoryModel.swift */ = {isa = PBXFileReference; lastKnownFileType = sourcecode.swift; path = categoryModel.swift; sourceTree = "<group>"; };
		F5C2AE0128B0DCC20031B6D4 /* HeaderCollectionReusableView.swift */ = {isa = PBXFileReference; lastKnownFileType = sourcecode.swift; path = HeaderCollectionReusableView.swift; sourceTree = "<group>"; };
		F5C2AE0228B0DCC20031B6D4 /* HeaderCollectionReusableView.xib */ = {isa = PBXFileReference; lastKnownFileType = file.xib; path = HeaderCollectionReusableView.xib; sourceTree = "<group>"; };
/* End PBXFileReference section */

/* Begin PBXFrameworksBuildPhase section */
		F527D41B28AB878200E3E792 /* Frameworks */ = {
			isa = PBXFrameworksBuildPhase;
			buildActionMask = 2147483647;
			files = (
			);
			runOnlyForDeploymentPostprocessing = 0;
		};
/* End PBXFrameworksBuildPhase section */

/* Begin PBXGroup section */
		F527D41528AB878200E3E792 = {
			isa = PBXGroup;
			children = (
				F527D42028AB878200E3E792 /* Module 4 */,
				F527D41F28AB878200E3E792 /* Products */,
			);
			sourceTree = "<group>";
		};
		F527D41F28AB878200E3E792 /* Products */ = {
			isa = PBXGroup;
			children = (
				F527D41E28AB878200E3E792 /* Module 4.app */,
			);
			name = Products;
			sourceTree = "<group>";
		};
		F527D42028AB878200E3E792 /* Module 4 */ = {
			isa = PBXGroup;
			children = (
				F5797F0228AF7C9200FE85D3 /* Application */,
				F5C2ADFC28B0C0040031B6D4 /* Model */,
				F5797EFF28AF7BC500FE85D3 /* Controllers */,
				F5797EFE28AF7BBC00FE85D3 /* Views */,
				F5797F0028AF7BEF00FE85D3 /* Resourses */,
				F527D42F28AB878600E3E792 /* Info.plist */,
			);
			path = "Module 4";
			sourceTree = "<group>";
		};
		F5797EFE28AF7BBC00FE85D3 /* Views */ = {
			isa = PBXGroup;
			children = (
				F5797F0128AF7C5600FE85D3 /* Tab bar */,
			);
			path = Views;
			sourceTree = "<group>";
		};
		F5797EFF28AF7BC500FE85D3 /* Controllers */ = {
			isa = PBXGroup;
			children = (
				F527D42528AB878200E3E792 /* MainViewController.swift */,
			);
			name = Controllers;
			path = Views/Controllers;
			sourceTree = "<group>";
		};
		F5797F0028AF7BEF00FE85D3 /* Resourses */ = {
			isa = PBXGroup;
			children = (
				F527D42728AB878200E3E792 /* Main.storyboard */,
				F527D42A28AB878600E3E792 /* Assets.xcassets */,
				F527D42C28AB878600E3E792 /* LaunchScreen.storyboard */,
			);
			path = Resourses;
			sourceTree = "<group>";
		};
		F5797F0128AF7C5600FE85D3 /* Tab bar */ = {
			isa = PBXGroup;
			children = (
				F5A927DD28ABA9C500E8DA4E /* MainTabBarViewController.swift */,
				F5A927DF28ABAD3700E8DA4E /* CustomTabBar.swift */,
				F5C2ADFF28B0D59C0031B6D4 /* Cell */,
			);
			path = "Tab bar";
			sourceTree = "<group>";
		};
		F5797F0228AF7C9200FE85D3 /* Application */ = {
			isa = PBXGroup;
			children = (
				F527D42128AB878200E3E792 /* AppDelegate.swift */,
				F527D42328AB878200E3E792 /* SceneDelegate.swift */,
			);
			path = Application;
			sourceTree = "<group>";
		};
		F5C2ADFC28B0C0040031B6D4 /* Model */ = {
			isa = PBXGroup;
			children = (
				F5C2ADFD28B0C0290031B6D4 /* categoryModel.swift */,
			);
			path = Model;
			sourceTree = "<group>";
		};
		F5C2ADFF28B0D59C0031B6D4 /* Cell */ = {
			isa = PBXGroup;
			children = (
				F5C2AE0028B0DCA70031B6D4 /* Header */,
				F5797F0528AF808000FE85D3 /* CategoryCollectionViewCell.swift */,
			);
			path = Cell;
			sourceTree = "<group>";
		};
		F5C2AE0028B0DCA70031B6D4 /* Header */ = {
			isa = PBXGroup;
			children = (
				F5C2AE0128B0DCC20031B6D4 /* HeaderCollectionReusableView.swift */,
				F5C2AE0228B0DCC20031B6D4 /* HeaderCollectionReusableView.xib */,
			);
			path = Header;
			sourceTree = "<group>";
		};
/* End PBXGroup section */

/* Begin PBXNativeTarget section */
		F527D41D28AB878200E3E792 /* Module 4 */ = {
			isa = PBXNativeTarget;
			buildConfigurationList = F527D43228AB878600E3E792 /* Build configuration list for PBXNativeTarget "Module 4" */;
			buildPhases = (
				F527D41A28AB878200E3E792 /* Sources */,
				F527D41B28AB878200E3E792 /* Frameworks */,
				F527D41C28AB878200E3E792 /* Resources */,
			);
			buildRules = (
			);
			dependencies = (
			);
			name = "Module 4";
			productName = "Module 4";
			productReference = F527D41E28AB878200E3E792 /* Module 4.app */;
			productType = "com.apple.product-type.application";
		};
/* End PBXNativeTarget section */

/* Begin PBXProject section */
		F527D41628AB878200E3E792 /* Project object */ = {
			isa = PBXProject;
			attributes = {
				BuildIndependentTargetsInParallel = 1;
				LastSwiftUpdateCheck = 1300;
				LastUpgradeCheck = 1300;
				TargetAttributes = {
					F527D41D28AB878200E3E792 = {
						CreatedOnToolsVersion = 13.0;
					};
				};
			};
			buildConfigurationList = F527D41928AB878200E3E792 /* Build configuration list for PBXProject "Module 4" */;
			compatibilityVersion = "Xcode 13.0";
			developmentRegion = en;
			hasScannedForEncodings = 0;
			knownRegions = (
				en,
				Base,
			);
			mainGroup = F527D41528AB878200E3E792;
			productRefGroup = F527D41F28AB878200E3E792 /* Products */;
			projectDirPath = "";
			projectRoot = "";
			targets = (
				F527D41D28AB878200E3E792 /* Module 4 */,
			);
		};
/* End PBXProject section */

/* Begin PBXResourcesBuildPhase section */
		F527D41C28AB878200E3E792 /* Resources */ = {
			isa = PBXResourcesBuildPhase;
			buildActionMask = 2147483647;
			files = (
				F5C2AE0428B0DCC20031B6D4 /* HeaderCollectionReusableView.xib in Resources */,
				F527D42E28AB878600E3E792 /* LaunchScreen.storyboard in Resources */,
				F527D42B28AB878600E3E792 /* Assets.xcassets in Resources */,
				F527D42928AB878200E3E792 /* Main.storyboard in Resources */,
			);
			runOnlyForDeploymentPostprocessing = 0;
		};
/* End PBXResourcesBuildPhase section */

/* Begin PBXSourcesBuildPhase section */
		F527D41A28AB878200E3E792 /* Sources */ = {
			isa = PBXSourcesBuildPhase;
			buildActionMask = 2147483647;
			files = (
				F5C2AE0328B0DCC20031B6D4 /* HeaderCollectionReusableView.swift in Sources */,
				F527D42628AB878200E3E792 /* MainViewController.swift in Sources */,
				F5A927E028ABAD3700E8DA4E /* CustomTabBar.swift in Sources */,
				F5C2ADFE28B0C0290031B6D4 /* categoryModel.swift in Sources */,
				F5A927DE28ABA9C500E8DA4E /* MainTabBarViewController.swift in Sources */,
				F527D42228AB878200E3E792 /* AppDelegate.swift in Sources */,
				F5797F0728AF808000FE85D3 /* CategoryCollectionViewCell.swift in Sources */,
				F527D42428AB878200E3E792 /* SceneDelegate.swift in Sources */,
			);
			runOnlyForDeploymentPostprocessing = 0;
		};
/* End PBXSourcesBuildPhase section */

/* Begin PBXVariantGroup section */
		F527D42728AB878200E3E792 /* Main.storyboard */ = {
			isa = PBXVariantGroup;
			children = (
				F527D42828AB878200E3E792 /* Base */,
			);
			name = Main.storyboard;
			sourceTree = "<group>";
		};
		F527D42C28AB878600E3E792 /* LaunchScreen.storyboard */ = {
			isa = PBXVariantGroup;
			children = (
				F527D42D28AB878600E3E792 /* Base */,
			);
			name = LaunchScreen.storyboard;
			sourceTree = "<group>";
		};
/* End PBXVariantGroup section */

/* Begin XCBuildConfiguration section */
		F527D43028AB878600E3E792 /* Debug */ = {
			isa = XCBuildConfiguration;
			buildSettings = {
				ALWAYS_SEARCH_USER_PATHS = NO;
				CLANG_ANALYZER_NONNULL = YES;
				CLANG_ANALYZER_NUMBER_OBJECT_CONVERSION = YES_AGGRESSIVE;
				CLANG_CXX_LANGUAGE_STANDARD = "gnu++17";
				CLANG_CXX_LIBRARY = "libc++";
				CLANG_ENABLE_MODULES = YES;
				CLANG_ENABLE_OBJC_ARC = YES;
				CLANG_ENABLE_OBJC_WEAK = YES;
				CLANG_WARN_BLOCK_CAPTURE_AUTORELEASING = YES;
				CLANG_WARN_BOOL_CONVERSION = YES;
				CLANG_WARN_COMMA = YES;
				CLANG_WARN_CONSTANT_CONVERSION = YES;
				CLANG_WARN_DEPRECATED_OBJC_IMPLEMENTATIONS = YES;
				CLANG_WARN_DIRECT_OBJC_ISA_USAGE = YES_ERROR;
				CLANG_WARN_DOCUMENTATION_COMMENTS = YES;
				CLANG_WARN_EMPTY_BODY = YES;
				CLANG_WARN_ENUM_CONVERSION = YES;
				CLANG_WARN_INFINITE_RECURSION = YES;
				CLANG_WARN_INT_CONVERSION = YES;
				CLANG_WARN_NON_LITERAL_NULL_CONVERSION = YES;
				CLANG_WARN_OBJC_IMPLICIT_RETAIN_SELF = YES;
				CLANG_WARN_OBJC_LITERAL_CONVERSION = YES;
				CLANG_WARN_OBJC_ROOT_CLASS = YES_ERROR;
				CLANG_WARN_QUOTED_INCLUDE_IN_FRAMEWORK_HEADER = YES;
				CLANG_WARN_RANGE_LOOP_ANALYSIS = YES;
				CLANG_WARN_STRICT_PROTOTYPES = YES;
				CLANG_WARN_SUSPICIOUS_MOVE = YES;
				CLANG_WARN_UNGUARDED_AVAILABILITY = YES_AGGRESSIVE;
				CLANG_WARN_UNREACHABLE_CODE = YES;
				CLANG_WARN__DUPLICATE_METHOD_MATCH = YES;
				COPY_PHASE_STRIP = NO;
				DEBUG_INFORMATION_FORMAT = dwarf;
				ENABLE_STRICT_OBJC_MSGSEND = YES;
				ENABLE_TESTABILITY = YES;
				GCC_C_LANGUAGE_STANDARD = gnu11;
				GCC_DYNAMIC_NO_PIC = NO;
				GCC_NO_COMMON_BLOCKS = YES;
				GCC_OPTIMIZATION_LEVEL = 0;
				GCC_PREPROCESSOR_DEFINITIONS = (
					"DEBUG=1",
					"$(inherited)",
				);
				GCC_WARN_64_TO_32_BIT_CONVERSION = YES;
				GCC_WARN_ABOUT_RETURN_TYPE = YES_ERROR;
				GCC_WARN_UNDECLARED_SELECTOR = YES;
				GCC_WARN_UNINITIALIZED_AUTOS = YES_AGGRESSIVE;
				GCC_WARN_UNUSED_FUNCTION = YES;
				GCC_WARN_UNUSED_VARIABLE = YES;
				IPHONEOS_DEPLOYMENT_TARGET = 15.0;
				MTL_ENABLE_DEBUG_INFO = INCLUDE_SOURCE;
				MTL_FAST_MATH = YES;
				ONLY_ACTIVE_ARCH = YES;
				SDKROOT = iphoneos;
				SWIFT_ACTIVE_COMPILATION_CONDITIONS = DEBUG;
				SWIFT_OPTIMIZATION_LEVEL = "-Onone";
			};
			name = Debug;
		};
		F527D43128AB878600E3E792 /* Release */ = {
			isa = XCBuildConfiguration;
			buildSettings = {
				ALWAYS_SEARCH_USER_PATHS = NO;
				CLANG_ANALYZER_NONNULL = YES;
				CLANG_ANALYZER_NUMBER_OBJECT_CONVERSION = YES_AGGRESSIVE;
				CLANG_CXX_LANGUAGE_STANDARD = "gnu++17";
				CLANG_CXX_LIBRARY = "libc++";
				CLANG_ENABLE_MODULES = YES;
				CLANG_ENABLE_OBJC_ARC = YES;
				CLANG_ENABLE_OBJC_WEAK = YES;
				CLANG_WARN_BLOCK_CAPTURE_AUTORELEASING = YES;
				CLANG_WARN_BOOL_CONVERSION = YES;
				CLANG_WARN_COMMA = YES;
				CLANG_WARN_CONSTANT_CONVERSION = YES;
				CLANG_WARN_DEPRECATED_OBJC_IMPLEMENTATIONS = YES;
				CLANG_WARN_DIRECT_OBJC_ISA_USAGE = YES_ERROR;
				CLANG_WARN_DOCUMENTATION_COMMENTS = YES;
				CLANG_WARN_EMPTY_BODY = YES;
				CLANG_WARN_ENUM_CONVERSION = YES;
				CLANG_WARN_INFINITE_RECURSION = YES;
				CLANG_WARN_INT_CONVERSION = YES;
				CLANG_WARN_NON_LITERAL_NULL_CONVERSION = YES;
				CLANG_WARN_OBJC_IMPLICIT_RETAIN_SELF = YES;
				CLANG_WARN_OBJC_LITERAL_CONVERSION = YES;
				CLANG_WARN_OBJC_ROOT_CLASS = YES_ERROR;
				CLANG_WARN_QUOTED_INCLUDE_IN_FRAMEWORK_HEADER = YES;
				CLANG_WARN_RANGE_LOOP_ANALYSIS = YES;
				CLANG_WARN_STRICT_PROTOTYPES = YES;
				CLANG_WARN_SUSPICIOUS_MOVE = YES;
				CLANG_WARN_UNGUARDED_AVAILABILITY = YES_AGGRESSIVE;
				CLANG_WARN_UNREACHABLE_CODE = YES;
				CLANG_WARN__DUPLICATE_METHOD_MATCH = YES;
				COPY_PHASE_STRIP = NO;
				DEBUG_INFORMATION_FORMAT = "dwarf-with-dsym";
				ENABLE_NS_ASSERTIONS = NO;
				ENABLE_STRICT_OBJC_MSGSEND = YES;
				GCC_C_LANGUAGE_STANDARD = gnu11;
				GCC_NO_COMMON_BLOCKS = YES;
				GCC_WARN_64_TO_32_BIT_CONVERSION = YES;
				GCC_WARN_ABOUT_RETURN_TYPE = YES_ERROR;
				GCC_WARN_UNDECLARED_SELECTOR = YES;
				GCC_WARN_UNINITIALIZED_AUTOS = YES_AGGRESSIVE;
				GCC_WARN_UNUSED_FUNCTION = YES;
				GCC_WARN_UNUSED_VARIABLE = YES;
				IPHONEOS_DEPLOYMENT_TARGET = 15.0;
				MTL_ENABLE_DEBUG_INFO = NO;
				MTL_FAST_MATH = YES;
				SDKROOT = iphoneos;
				SWIFT_COMPILATION_MODE = wholemodule;
				SWIFT_OPTIMIZATION_LEVEL = "-O";
				VALIDATE_PRODUCT = YES;
			};
			name = Release;
		};
		F527D43328AB878600E3E792 /* Debug */ = {
			isa = XCBuildConfiguration;
			buildSettings = {
				ASSETCATALOG_COMPILER_APPICON_NAME = AppIcon;
				ASSETCATALOG_COMPILER_GLOBAL_ACCENT_COLOR_NAME = AccentColor;
				CODE_SIGN_STYLE = Automatic;
				CURRENT_PROJECT_VERSION = 1;
				GENERATE_INFOPLIST_FILE = YES;
				INFOPLIST_FILE = "Module 4/Info.plist";
				INFOPLIST_KEY_CFBundleDisplayName = "Хочу помочь";
				INFOPLIST_KEY_UIApplicationSupportsIndirectInputEvents = YES;
				INFOPLIST_KEY_UILaunchStoryboardName = LaunchScreen;
				INFOPLIST_KEY_UIMainStoryboardFile = Main;
				INFOPLIST_KEY_UISupportedInterfaceOrientations_iPad = "UIInterfaceOrientationPortrait UIInterfaceOrientationPortraitUpsideDown UIInterfaceOrientationLandscapeLeft UIInterfaceOrientationLandscapeRight";
				INFOPLIST_KEY_UISupportedInterfaceOrientations_iPhone = "UIInterfaceOrientationPortrait UIInterfaceOrientationLandscapeLeft UIInterfaceOrientationLandscapeRight";
				LD_RUNPATH_SEARCH_PATHS = (
					"$(inherited)",
					"@executable_path/Frameworks",
				);
				MARKETING_VERSION = 1.0;
				PRODUCT_BUNDLE_IDENTIFIER = "Vlad.Module-4";
				PRODUCT_NAME = "$(TARGET_NAME)";
				SWIFT_EMIT_LOC_STRINGS = YES;
				SWIFT_VERSION = 5.0;
				TARGETED_DEVICE_FAMILY = "1,2";
			};
			name = Debug;
		};
		F527D43428AB878600E3E792 /* Release */ = {
			isa = XCBuildConfiguration;
			buildSettings = {
				ASSETCATALOG_COMPILER_APPICON_NAME = AppIcon;
				ASSETCATALOG_COMPILER_GLOBAL_ACCENT_COLOR_NAME = AccentColor;
				CODE_SIGN_STYLE = Automatic;
				CURRENT_PROJECT_VERSION = 1;
				GENERATE_INFOPLIST_FILE = YES;
				INFOPLIST_FILE = "Module 4/Info.plist";
				INFOPLIST_KEY_CFBundleDisplayName = "Хочу помочь";
				INFOPLIST_KEY_UIApplicationSupportsIndirectInputEvents = YES;
				INFOPLIST_KEY_UILaunchStoryboardName = LaunchScreen;
				INFOPLIST_KEY_UIMainStoryboardFile = Main;
				INFOPLIST_KEY_UISupportedInterfaceOrientations_iPad = "UIInterfaceOrientationPortrait UIInterfaceOrientationPortraitUpsideDown UIInterfaceOrientationLandscapeLeft UIInterfaceOrientationLandscapeRight";
				INFOPLIST_KEY_UISupportedInterfaceOrientations_iPhone = "UIInterfaceOrientationPortrait UIInterfaceOrientationLandscapeLeft UIInterfaceOrientationLandscapeRight";
				LD_RUNPATH_SEARCH_PATHS = (
					"$(inherited)",
					"@executable_path/Frameworks",
				);
				MARKETING_VERSION = 1.0;
				PRODUCT_BUNDLE_IDENTIFIER = "Vlad.Module-4";
				PRODUCT_NAME = "$(TARGET_NAME)";
				SWIFT_EMIT_LOC_STRINGS = YES;
				SWIFT_VERSION = 5.0;
				TARGETED_DEVICE_FAMILY = "1,2";
			};
			name = Release;
		};
/* End XCBuildConfiguration section */

/* Begin XCConfigurationList section */
		F527D41928AB878200E3E792 /* Build configuration list for PBXProject "Module 4" */ = {
			isa = XCConfigurationList;
			buildConfigurations = (
				F527D43028AB878600E3E792 /* Debug */,
				F527D43128AB878600E3E792 /* Release */,
			);
			defaultConfigurationIsVisible = 0;
			defaultConfigurationName = Release;
		};
		F527D43228AB878600E3E792 /* Build configuration list for PBXNativeTarget "Module 4" */ = {
			isa = XCConfigurationList;
			buildConfigurations = (
				F527D43328AB878600E3E792 /* Debug */,
				F527D43428AB878600E3E792 /* Release */,
			);
			defaultConfigurationIsVisible = 0;
			defaultConfigurationName = Release;
		};
/* End XCConfigurationList section */
	};
	rootObject = F527D41628AB878200E3E792 /* Project object */;
}
